{
  "name": "study-animates-css",
  "version": "1.0.0",
  "lockfileVersion": 1,
  "requires": true,
  "dependencies": {
    "animate.css": {
      "version": "4.1.1",
      "resolved": "https://registry.npm.taobao.org/animate.css/download/animate.css-4.1.1.tgz",
      "integrity": "sha1-YU7FqBEx1+TcNipYFD90BqvWgHU="
    }
  }
}
